
Microsoft Visual Studio Solution File, Format Version 12.00
# Visual Studio Version 17
VisualStudioVersion = 17.11.35312.102
MinimumVisualStudioVersion = 10.0.40219.1
Project("{9A19103F-16F7-4668-BE54-9A1E7A4F7556}") = "AlfredAPI", "AlfredAPI\AlfredAPI.csproj", "{83F7FCAF-DD6C-4F15-A2DC-249C6EAADABB}"
EndProject
Project("{9A19103F-16F7-4668-BE54-9A1E7A4F7556}") = "EpicManifestParser", "..\..\..\EpicManifestParser\src\EpicManifestParser\EpicManifestParser.csproj", "{4FF3955F-9279-4CA0-BD90-4A69A5FA9C36}"
EndProject
Project("{9A19103F-16F7-4668-BE54-9A1E7A4F7556}") = "CUE4Parse", "..\..\..\..\FortnitePorting\FortnitePorting\Dependencies\CUE4Parse\CUE4Parse\CUE4Parse.csproj", "{E20E377A-13E5-4479-A35A-EF334E9CC19D}"
EndProject
Project("{9A19103F-16F7-4668-BE54-9A1E7A4F7556}") = "CUE4Parse-Conversion", "..\..\..\..\FortnitePorting\FortnitePorting\Dependencies\CUE4Parse\CUE4Parse-Conversion\CUE4Parse-Conversion.csproj", "{095ADAF7-E57E-47B0-9606-618620E38AC4}"
EndProject
Global
	GlobalSection(SolutionConfigurationPlatforms) = preSolution
		Debug|Any CPU = Debug|Any CPU
		Release|Any CPU = Release|Any CPU
	EndGlobalSection
	GlobalSection(ProjectConfigurationPlatforms) = postSolution
		{83F7FCAF-DD6C-4F15-A2DC-249C6EAADABB}.Debug|Any CPU.ActiveCfg = Debug|Any CPU
		{83F7FCAF-DD6C-4F15-A2DC-249C6EAADABB}.Debug|Any CPU.Build.0 = Debug|Any CPU
		{83F7FCAF-DD6C-4F15-A2DC-249C6EAADABB}.Release|Any CPU.ActiveCfg = Release|Any CPU
		{83F7FCAF-DD6C-4F15-A2DC-249C6EAADABB}.Release|Any CPU.Build.0 = Release|Any CPU
		{4FF3955F-9279-4CA0-BD90-4A69A5FA9C36}.Debug|Any CPU.ActiveCfg = Debug|Any CPU
		{4FF3955F-9279-4CA0-BD90-4A69A5FA9C36}.Debug|Any CPU.Build.0 = Debug|Any CPU
		{4FF3955F-9279-4CA0-BD90-4A69A5FA9C36}.Release|Any CPU.ActiveCfg = Release|Any CPU
		{4FF3955F-9279-4CA0-BD90-4A69A5FA9C36}.Release|Any CPU.Build.0 = Release|Any CPU
		{E20E377A-13E5-4479-A35A-EF334E9CC19D}.Debug|Any CPU.ActiveCfg = Debug|Any CPU
		{E20E377A-13E5-4479-A35A-EF334E9CC19D}.Debug|Any CPU.Build.0 = Debug|Any CPU
		{E20E377A-13E5-4479-A35A-EF334E9CC19D}.Release|Any CPU.ActiveCfg = Release|Any CPU
		{E20E377A-13E5-4479-A35A-EF334E9CC19D}.Release|Any CPU.Build.0 = Release|Any CPU
		{095ADAF7-E57E-47B0-9606-618620E38AC4}.Debug|Any CPU.ActiveCfg = Debug|Any CPU
		{095ADAF7-E57E-47B0-9606-618620E38AC4}.Debug|Any CPU.Build.0 = Debug|Any CPU
		{095ADAF7-E57E-47B0-9606-618620E38AC4}.Release|Any CPU.ActiveCfg = Release|Any CPU
		{095ADAF7-E57E-47B0-9606-618620E38AC4}.Release|Any CPU.Build.0 = Release|Any CPU
	EndGlobalSection
	GlobalSection(SolutionProperties) = preSolution
		HideSolutionNode = FALSE
	EndGlobalSection
	GlobalSection(ExtensibilityGlobals) = postSolution
		SolutionGuid = {0A77381F-67EC-4457-AB99-E260D38F137D}
	EndGlobalSection
EndGlobal
